# This file is generated by running "yarn install" inside your project.
# Manual changes might be lost - proceed with caution!

__metadata:
  version: 8
  cacheKey: 10c0

"acorn-jsx@npm:^3.0.0":
  version: 3.0.1
  resolution: "acorn-jsx@npm:3.0.1"
  dependencies:
    acorn: "npm:^3.0.4"
  checksum: ce6b4ace31fa615e9f2f4d9b5bd52f090e1af0125ca2cd4a880e218e5e45e26ff5b2e98bd29f882950fcc1329132845b29066b6fe0eca55e2093ac30cbbcb5e2
  languageName: node
  linkType: hard

"acorn@npm:^3.0.4":
  version: 3.3.0
  resolution: "acorn@npm:3.3.0"
  bin:
    acorn: ./bin/acorn
  checksum: 04d645eede54b19e0aab3da2bea73778b1b42b0c45598fab95687c01bcae0fb47eec7661a73c09781b400a884b47f279fb5c2bdc24f5d09642b5ef3ef62b03a2
  languageName: node
  linkType: hard

"acorn@npm:^5.5.0":
  version: 5.7.3
  resolution: "acorn@npm:5.7.3"
  bin:
    acorn: ./bin/acorn
  checksum: 224c42d92ec6bca30a58c60b38541b2ef818c4d1a458e126da301dea1150da7db4609b7aef41e46f1015c05761820f0c3fef60287aaba9b655cfd94ad15e8b2f
  languageName: node
  linkType: hard

"ajv-keywords@npm:^2.1.0":
  version: 2.1.1
  resolution: "ajv-keywords@npm:2.1.1"
  peerDependencies:
    ajv: ^5.0.0
  checksum: 25ad18f426152af72493f31340f9221b4cd61046379d7b0db93123fe9893be093b936ef6a635ba5624709f86bfe009a7bec179d201d86677e097f8f90af2d092
  languageName: node
  linkType: hard

"ajv@npm:^5.2.3, ajv@npm:^5.3.0":
  version: 5.5.2
  resolution: "ajv@npm:5.5.2"
  dependencies:
    co: "npm:^4.6.0"
    fast-deep-equal: "npm:^1.0.0"
    fast-json-stable-stringify: "npm:^2.0.0"
    json-schema-traverse: "npm:^0.3.0"
  checksum: 9b8f762cd6b9da3935987b82418402247e76925e39814ca0d62088656117129db7e0cdc1d3e4aa6a3c4aa5ff67021551299ee4771735bcccb6cdd3f85061e565
  languageName: node
  linkType: hard

"ansi-escapes@npm:^3.0.0":
  version: 3.2.0
  resolution: "ansi-escapes@npm:3.2.0"
  checksum: 084e1ce38139ad2406f18a8e7efe2b850ddd06ce3c00f633392d1ce67756dab44fe290e573d09ef3c9a0cb13c12881e0e35a8f77a017d39a0a4ab85ae2fae04f
  languageName: node
  linkType: hard

"ansi-regex@npm:^2.0.0":
  version: 2.1.1
  resolution: "ansi-regex@npm:2.1.1"
  checksum: 78cebaf50bce2cb96341a7230adf28d804611da3ce6bf338efa7b72f06cc6ff648e29f80cd95e582617ba58d5fdbec38abfeed3500a98bce8381a9daec7c548b
  languageName: node
  linkType: hard

"ansi-regex@npm:^3.0.0":
  version: 3.0.0
  resolution: "ansi-regex@npm:3.0.0"
  checksum: c6a2b226d009965decc65d330b953290039f0f2b31d200516a9a79b6010f5f8f9d6acbaa0917d925c578df0c0feaddcb56569aad05776f99e2918116d4233121
  languageName: node
  linkType: hard

"ansi-styles@npm:^2.2.1":
  version: 2.2.1
  resolution: "ansi-styles@npm:2.2.1"
  checksum: 7c68aed4f1857389e7a12f85537ea5b40d832656babbf511cc7ecd9efc52889b9c3e5653a71a6aade783c3c5e0aa223ad4ff8e83c27ac8a666514e6c79068cab
  languageName: node
  linkType: hard

"ansi-styles@npm:^3.2.1":
  version: 3.2.1
  resolution: "ansi-styles@npm:3.2.1"
  dependencies:
    color-convert: "npm:^1.9.0"
  checksum: ece5a8ef069fcc5298f67e3f4771a663129abd174ea2dfa87923a2be2abf6cd367ef72ac87942da00ce85bd1d651d4cd8595aebdb1b385889b89b205860e977b
  languageName: node
  linkType: hard

"argparse@npm:^1.0.7":
  version: 1.0.10
  resolution: "argparse@npm:1.0.10"
  dependencies:
    sprintf-js: "npm:~1.0.2"
  checksum: b2972c5c23c63df66bca144dbc65d180efa74f25f8fd9b7d9a0a6c88ae839db32df3d54770dcb6460cf840d232b60695d1a6b1053f599d84e73f7437087712de
  languageName: node
  linkType: hard

"babel-code-frame@npm:^6.22.0":
  version: 6.26.0
  resolution: "babel-code-frame@npm:6.26.0"
  dependencies:
    chalk: "npm:^1.1.3"
    esutils: "npm:^2.0.2"
    js-tokens: "npm:^3.0.2"
  checksum: 7fecc128e87578cf1b96e78d2b25e0b260e202bdbbfcefa2eac23b7f8b7b2f7bc9276a14599cde14403cc798cc2a38e428e2cab50b77658ab49228b09ae92473
  languageName: node
  linkType: hard

"balanced-match@npm:^1.0.0":
  version: 1.0.0
  resolution: "balanced-match@npm:1.0.0"
  checksum: d45f1aeec59d87562cd65415e2890b9fd6ab7fa89941a46fb2eb505e2165158680ee1be7110586cf86f3a9599f1b88ec4a7fcf57594560ca37814a560ab95f41
  languageName: node
  linkType: hard

"bluebird@npm:^3.4.6":
  version: 3.7.0
  resolution: "bluebird@npm:3.7.0"
  checksum: 9073172d7aa894bce3bad50db3c79ee986431aabb20902168a8108ac2a29b517c2e44f5ad5d16394103f1dbe0f42c8b92c8b2bf36a497109f69718729d4c95c2
  languageName: node
  linkType: hard

"brace-expansion@npm:^1.1.7":
  version: 1.1.11
  resolution: "brace-expansion@npm:1.1.11"
  dependencies:
    balanced-match: "npm:^1.0.0"
    concat-map: "npm:0.0.1"
  checksum: 695a56cd058096a7cb71fb09d9d6a7070113c7be516699ed361317aca2ec169f618e28b8af352e02ab4233fb54eb0168460a40dc320bab0034b36ab59aaad668
  languageName: node
  linkType: hard

"buffer-from@npm:^1.0.0":
  version: 1.1.1
  resolution: "buffer-from@npm:1.1.1"
  checksum: a8c5057c985d8071e7a64988ad72f313e08eb3001eda76bead78b1f9afc7a07d20be9677eed0b5791727baeecd56360fe541bc5dd74feb40efe202a74584d533
  languageName: node
  linkType: hard

"caller-path@npm:^0.1.0":
  version: 0.1.0
  resolution: "caller-path@npm:0.1.0"
  dependencies:
    callsites: "npm:^0.2.0"
  checksum: 4f605823f01019dee30b561cc7fac99eef573990c8de9da069dc0fc926c031cc93e907f9bd08a8a099ac98bb287859e15d02d756e5b37ee1ea3dcb7bd41dad4e
  languageName: node
  linkType: hard

"callsites@npm:^0.2.0":
  version: 0.2.0
  resolution: "callsites@npm:0.2.0"
  checksum: 1d7b0a32257ea7756bd4a085bba9f0f6c7e5249f67ea0d4ccd24f78c068d5444c2fa2fd6e165a49aae2567128212625730dc932f4869801365138f4e58354068
  languageName: node
  linkType: hard

"chalk@npm:^1.1.3":
  version: 1.1.3
  resolution: "chalk@npm:1.1.3"
  dependencies:
    ansi-styles: "npm:^2.2.1"
    escape-string-regexp: "npm:^1.0.2"
    has-ansi: "npm:^2.0.0"
    strip-ansi: "npm:^3.0.0"
    supports-color: "npm:^2.0.0"
  checksum: 28c3e399ec286bb3a7111fd4225ebedb0d7b813aef38a37bca7c498d032459c265ef43404201d5fbb8d888d29090899c95335b4c0cda13e8b126ff15c541cef8
  languageName: node
  linkType: hard

"chalk@npm:^2.0.0, chalk@npm:^2.1.0":
  version: 2.4.2
  resolution: "chalk@npm:2.4.2"
  dependencies:
    ansi-styles: "npm:^3.2.1"
    escape-string-regexp: "npm:^1.0.5"
    supports-color: "npm:^5.3.0"
  checksum: e6543f02ec877732e3a2d1c3c3323ddb4d39fbab687c23f526e25bd4c6a9bf3b83a696e8c769d078e04e5754921648f7821b2a2acfd16c550435fd630026e073
  languageName: node
  linkType: hard

"chardet@npm:^0.4.0":
  version: 0.4.2
  resolution: "chardet@npm:0.4.2"
  checksum: 287fff1609301b1a9e8dc9730271af7aa24187a8e224d23b8c3eb88cb7c0e8ceb962905377e36947bc07edb69afd188903f4924cc6bd0bd4e7703d498505b70d
  languageName: node
  linkType: hard

"circular-json@npm:^0.3.1":
  version: 0.3.3
  resolution: "circular-json@npm:0.3.3"
  checksum: 573d1c62f2b1254aac68b58c90764f3d6638eb1451d5d8baab3008e6624d12a5ee4b4ef1ad7aae170655dd476e0ccbb984a439319581e5fcbe37afb4c632b513
  languageName: node
  linkType: hard

"cli-cursor@npm:^2.1.0":
  version: 2.1.0
  resolution: "cli-cursor@npm:2.1.0"
  dependencies:
    restore-cursor: "npm:^2.0.0"
  checksum: 09ee6d8b5b818d840bf80ec9561eaf696672197d3a02a7daee2def96d5f52ce6e0bbe7afca754ccf14f04830b5a1b4556273e983507d5029f95bba3016618eda
  languageName: node
  linkType: hard

"cli-width@npm:^2.0.0":
  version: 2.2.0
  resolution: "cli-width@npm:2.2.0"
  checksum: b773bf24fe784dbe6ff31dbc2e8f0d7fca8f0aa21415daa503dc002c07ed55eb9bfa7de12cb2b697bc37f9bf716d81d7a715cf751c8410d0937bd4508959cf6a
  languageName: node
  linkType: hard

"co@npm:^4.6.0":
  version: 4.6.0
  resolution: "co@npm:4.6.0"
  checksum: c0e85ea0ca8bf0a50cbdca82efc5af0301240ca88ebe3644a6ffb8ffe911f34d40f8fbcf8f1d52c5ddd66706abd4d3bfcd64259f1e8e2371d4f47573b0dc8c28
  languageName: node
  linkType: hard

"color-convert@npm:^1.9.0":
  version: 1.9.3
  resolution: "color-convert@npm:1.9.3"
  dependencies:
    color-name: "npm:1.1.3"
  checksum: 5ad3c534949a8c68fca8fbc6f09068f435f0ad290ab8b2f76841b9e6af7e0bb57b98cb05b0e19fe33f5d91e5a8611ad457e5f69e0a484caad1f7487fd0e8253c
  languageName: node
  linkType: hard

"color-name@npm:1.1.3":
  version: 1.1.3
  resolution: "color-name@npm:1.1.3"
  checksum: 566a3d42cca25b9b3cd5528cd7754b8e89c0eb646b7f214e8e2eaddb69994ac5f0557d9c175eb5d8f0ad73531140d9c47525085ee752a91a2ab15ab459caf6d6
  languageName: node
  linkType: hard

"concat-map@npm:0.0.1":
  version: 0.0.1
  resolution: "concat-map@npm:0.0.1"
  checksum: c996b1cfdf95b6c90fee4dae37e332c8b6eb7d106430c17d538034c0ad9a1630cb194d2ab37293b1bdd4d779494beee7786d586a50bd9376fd6f7bcc2bd4c98f
  languageName: node
  linkType: hard

"concat-stream@npm:^1.6.0":
  version: 1.6.2
  resolution: "concat-stream@npm:1.6.2"
  dependencies:
    buffer-from: "npm:^1.0.0"
    inherits: "npm:^2.0.3"
    readable-stream: "npm:^2.2.2"
    typedarray: "npm:^0.0.6"
  checksum: 2e9864e18282946dabbccb212c5c7cec0702745e3671679eb8291812ca7fd12023f7d8cb36493942a62f770ac96a7f90009dc5c82ad69893438371720fa92617
  languageName: node
  linkType: hard

"core-util-is@npm:~1.0.0":
  version: 1.0.2
  resolution: "core-util-is@npm:1.0.2"
  checksum: 980a37a93956d0de8a828ce508f9b9e3317039d68922ca79995421944146700e4aaf490a6dbfebcb1c5292a7184600c7710b957d724be1e37b8254c6bc0fe246
  languageName: node
  linkType: hard

"cross-spawn@npm:^5.1.0":
  version: 5.1.0
  resolution: "cross-spawn@npm:5.1.0"
  dependencies:
    lru-cache: "npm:^4.0.1"
    shebang-command: "npm:^1.2.0"
    which: "npm:^1.2.9"
  checksum: 1918621fddb9f8c61e02118b2dbf81f611ccd1544ceaca0d026525341832b8511ce2504c60f935dbc06b35e5ef156fe8c1e72708c27dd486f034e9c0e1e07201
  languageName: node
  linkType: hard

"debug@npm:^3.1.0":
  version: 3.2.7
  resolution: "debug@npm:3.2.7"
  dependencies:
    ms: "npm:^2.1.1"
  checksum: 37d96ae42cbc71c14844d2ae3ba55adf462ec89fd3a999459dec3833944cd999af6007ff29c780f1c61153bcaaf2c842d1e4ce1ec621e4fc4923244942e4a02a
  languageName: node
  linkType: hard

"deep-is@npm:~0.1.3":
  version: 0.1.3
  resolution: "deep-is@npm:0.1.3"
  checksum: f4e21bf6fbb51bca0214e04f079deadfc5a0df3d7822f4b5e45e78960ae1e9a379b93d650377b80ccd0fc6bd7cd995a0aeabbcc7496b8c2dd16ec57aece82d74
  languageName: node
  linkType: hard

"doctrine@npm:^2.1.0":
  version: 2.1.0
  resolution: "doctrine@npm:2.1.0"
  dependencies:
    esutils: "npm:^2.0.2"
  checksum: b6416aaff1f380bf56c3b552f31fdf7a69b45689368deca72d28636f41c16bb28ec3ebc40ace97db4c1afc0ceeb8120e8492fe0046841c94c2933b2e30a7d5ac
  languageName: node
  linkType: hard

"escape-string-regexp@npm:^1.0.2, escape-string-regexp@npm:^1.0.5":
  version: 1.0.5
  resolution: "escape-string-regexp@npm:1.0.5"
  checksum: a968ad453dd0c2724e14a4f20e177aaf32bb384ab41b674a8454afe9a41c5e6fe8903323e0a1052f56289d04bd600f81278edf140b0fcc02f5cac98d0f5b5371
  languageName: node
  linkType: hard

"eslint-scope@npm:^3.7.1":
  version: 3.7.3
  resolution: "eslint-scope@npm:3.7.3"
  dependencies:
    esrecurse: "npm:^4.1.0"
    estraverse: "npm:^4.1.1"
  checksum: d4dc4ac9f15cd65d3c696c2b978bd5426c0b79c3ba5088eeea3283f757a61d7ca9ee574f3800c1e1035ec5639eabd8f2116be30799411fd3a5259b8d032a1b84
  languageName: node
  linkType: hard

"eslint-visitor-keys@npm:^1.0.0":
  version: 1.1.0
  resolution: "eslint-visitor-keys@npm:1.1.0"
  checksum: dec16876fb7a5a2636dcf6a68e716c684dcff70e9e0fe0cdebff669be60bf9736793a1c4871b5fca92f320eda84a7f979a5a4e3e58ff0c320c20fec5644dc34f
  languageName: node
  linkType: hard

"eslint@npm:^4.18.2":
  version: 4.18.2
  resolution: "eslint@npm:4.18.2"
  dependencies:
    ajv: "npm:^5.3.0"
    babel-code-frame: "npm:^6.22.0"
    chalk: "npm:^2.1.0"
    concat-stream: "npm:^1.6.0"
    cross-spawn: "npm:^5.1.0"
    debug: "npm:^3.1.0"
    doctrine: "npm:^2.1.0"
    eslint-scope: "npm:^3.7.1"
    eslint-visitor-keys: "npm:^1.0.0"
    espree: "npm:^3.5.2"
    esquery: "npm:^1.0.0"
    esutils: "npm:^2.0.2"
    file-entry-cache: "npm:^2.0.0"
    functional-red-black-tree: "npm:^1.0.1"
    glob: "npm:^7.1.2"
    globals: "npm:^11.0.1"
    ignore: "npm:^3.3.3"
    imurmurhash: "npm:^0.1.4"
    inquirer: "npm:^3.0.6"
    is-resolvable: "npm:^1.0.0"
    js-yaml: "npm:^3.9.1"
    json-stable-stringify-without-jsonify: "npm:^1.0.1"
    levn: "npm:^0.3.0"
    lodash: "npm:^4.17.4"
    minimatch: "npm:^3.0.2"
    mkdirp: "npm:^0.5.1"
    natural-compare: "npm:^1.4.0"
    optionator: "npm:^0.8.2"
    path-is-inside: "npm:^1.0.2"
    pluralize: "npm:^7.0.0"
    progress: "npm:^2.0.0"
    require-uncached: "npm:^1.0.3"
    semver: "npm:^5.3.0"
    strip-ansi: "npm:^4.0.0"
    strip-json-comments: "npm:~2.0.1"
    table: "npm:4.0.2"
    text-table: "npm:~0.2.0"
  bin:
    eslint: ./bin/eslint.js
  checksum: a325d9297ad31d557662fdf7127195c68105d17745c2dc16f7363a7ae0bad3ed799363462f3810e377e4ec3df6deec06681f74b7ec4ec3e133908cfadc11d5a2
  languageName: node
  linkType: hard

"espree@npm:^3.5.2":
  version: 3.5.4
  resolution: "espree@npm:3.5.4"
  dependencies:
    acorn: "npm:^5.5.0"
    acorn-jsx: "npm:^3.0.0"
  checksum: 30794af82523e432c40eb4022cf949978bb12b94c292bbd56eb8ecf0f497e1ab5800ce2384080fba39c2e572e447e11471fd6eab5185c962244488ca7838ce77
  languageName: node
  linkType: hard

"esprima@npm:^4.0.0":
  version: 4.0.1
  resolution: "esprima@npm:4.0.1"
  bin:
    esparse: ./bin/esparse.js
    esvalidate: ./bin/esvalidate.js
  checksum: ad4bab9ead0808cf56501750fd9d3fb276f6b105f987707d059005d57e182d18a7c9ec7f3a01794ebddcca676773e42ca48a32d67a250c9d35e009ca613caba3
  languageName: node
  linkType: hard

"esquery@npm:^1.0.0":
  version: 1.0.1
  resolution: "esquery@npm:1.0.1"
  dependencies:
    estraverse: "npm:^4.0.0"
  checksum: 2b3d0793b20376af53ba18393e05f041a3d6b56fa1b9e992a150032965e281b466514ab5790ef86c9e4de797a9cc06901590e44c5b910efe1a97492ef09f239a
  languageName: node
  linkType: hard

"esrecurse@npm:^4.1.0":
  version: 4.2.1
  resolution: "esrecurse@npm:4.2.1"
  dependencies:
    estraverse: "npm:^4.1.0"
  checksum: a3969d9ac37b61d4407f86584b07e7b8d9aae9cacb5a8bc44dc793c5d0b994aaa1a9127659490431a6b9e161ae5b1fb44fa3d0b6005e580a23320c08b4417650
  languageName: node
  linkType: hard

"estraverse@npm:^4.0.0, estraverse@npm:^4.1.0, estraverse@npm:^4.1.1":
  version: 4.3.0
  resolution: "estraverse@npm:4.3.0"
  checksum: 9cb46463ef8a8a4905d3708a652d60122a0c20bb58dec7e0e12ab0e7235123d74214fc0141d743c381813e1b992767e2708194f6f6e0f9fd00c1b4e0887b8b6d
  languageName: node
  linkType: hard

"esutils@npm:^2.0.2":
  version: 2.0.3
  resolution: "esutils@npm:2.0.3"
  checksum: 9a2fe69a41bfdade834ba7c42de4723c97ec776e40656919c62cbd13607c45e127a003f05f724a1ea55e5029a4cf2de444b13009f2af71271e42d93a637137c7
  languageName: node
  linkType: hard

"external-editor@npm:^2.0.4":
  version: 2.2.0
  resolution: "external-editor@npm:2.2.0"
  dependencies:
    chardet: "npm:^0.4.0"
    iconv-lite: "npm:^0.4.17"
    tmp: "npm:^0.0.33"
  checksum: 5440df6ab809467485b3b15557d301e9fa3dda2892d6eaddd036ea337e0ced3e369c319507a123e34749cfce89c51f891848d249c713f54bcfaf95296663ff49
  languageName: node
  linkType: hard

"fast-deep-equal@npm:^1.0.0":
  version: 1.1.0
  resolution: "fast-deep-equal@npm:1.1.0"
  checksum: 2cdcb17ca3c28ea199863de4ff0f4de14722c63bb19d716c1bbb4a661479413a0cbfb27e8596d34204e4525f0de11ff7c8ac6a27673c961bd0f37d0e48f9c743
  languageName: node
  linkType: hard

"fast-json-stable-stringify@npm:^2.0.0":
  version: 2.0.0
  resolution: "fast-json-stable-stringify@npm:2.0.0"
  checksum: 42eb0fd98caf87d0c0c7e418cd18906b7573420736cbe14e536af573da03ab421b4f03956272e42f962b3ceacac2765ac0c1a909ffcea0b0c2799b6c145a7026
  languageName: node
  linkType: hard

"fast-levenshtein@npm:~2.0.4":
  version: 2.0.6
  resolution: "fast-levenshtein@npm:2.0.6"
  checksum: 111972b37338bcb88f7d9e2c5907862c280ebf4234433b95bc611e518d192ccb2d38119c4ac86e26b668d75f7f3894f4ff5c4982899afced7ca78633b08287c4
  languageName: node
  linkType: hard

"figures@npm:^2.0.0":
  version: 2.0.0
  resolution: "figures@npm:2.0.0"
  dependencies:
    escape-string-regexp: "npm:^1.0.5"
  checksum: 5dc5a75fec3e7e04ae65d6ce51d28b3e70d4656c51b06996b6fdb2cb5b542df512e3b3c04482f5193a964edddafa5521479ff948fa84e12ff556e53e094ab4ce
  languageName: node
  linkType: hard

"file-entry-cache@npm:^2.0.0":
  version: 2.0.0
  resolution: "file-entry-cache@npm:2.0.0"
  dependencies:
    flat-cache: "npm:^1.2.1"
    object-assign: "npm:^4.0.1"
  checksum: b104739964d54baaaa390ace60cf57d42a4344ccb450530d83d67cf626834b4ec869524d14db454bec1c945a198a53808458649f7150b17b4bfea052cc8487c9
  languageName: node
  linkType: hard

"flat-cache@npm:^1.2.1":
  version: 1.3.4
  resolution: "flat-cache@npm:1.3.4"
  dependencies:
    circular-json: "npm:^0.3.1"
    graceful-fs: "npm:^4.1.2"
    rimraf: "npm:~2.6.2"
    write: "npm:^0.2.1"
  checksum: caa87faf8e76726c385f3e547ef8d0847dd29a6858368771b311209e9ee6f37ec1d409935f73d193df12e7bce5dfd27f8db6029ee37f266748d6272332cf3aa4
  languageName: node
  linkType: hard

"fs.realpath@npm:^1.0.0":
  version: 1.0.0
  resolution: "fs.realpath@npm:1.0.0"
  checksum: 444cf1291d997165dfd4c0d58b69f0e4782bfd9149fd72faa4fe299e68e0e93d6db941660b37dd29153bf7186672ececa3b50b7e7249477b03fdf850f287c948
  languageName: node
  linkType: hard

"functional-red-black-tree@npm:^1.0.1":
  version: 1.0.1
  resolution: "functional-red-black-tree@npm:1.0.1"
  checksum: 5959eed0375803d9924f47688479bb017e0c6816a0e5ac151e22ba6bfe1d12c41de2f339188885e0aa8eeea2072dad509d8e4448467e816bde0a2ca86a0670d3
  languageName: node
  linkType: hard

"glob@npm:^7.1.2, glob@npm:^7.1.3":
  version: 7.1.5
  resolution: "glob@npm:7.1.5"
  dependencies:
    fs.realpath: "npm:^1.0.0"
    inflight: "npm:^1.0.4"
    inherits: "npm:2"
    minimatch: "npm:^3.0.4"
    once: "npm:^1.3.0"
    path-is-absolute: "npm:^1.0.0"
  checksum: e2f883c56ca3f4515bdf978fccd758c3295b78a64e3e2913e21a04ddca57b2f34149a37a75c7825fb1015eead3aa3813236e9c9fa3e5d1c944062d45e739c405
  languageName: node
  linkType: hard

"globals@npm:^11.0.1":
  version: 11.12.0
  resolution: "globals@npm:11.12.0"
  checksum: 758f9f258e7b19226bd8d4af5d3b0dcf7038780fb23d82e6f98932c44e239f884847f1766e8fa9cc5635ccb3204f7fa7314d4408dd4002a5e8ea827b4018f0a1
  languageName: node
  linkType: hard

"graceful-fs@npm:^4.1.2":
  version: 4.2.2
  resolution: "graceful-fs@npm:4.2.2"
  checksum: a438a7a9a8369d2f4fb3eb467b742fe68fc5434eab559bd17d7b7f778eda83860512d2007555d0a0d8b2d4c59ca949ba15964f1a1e3a8b6b66c992378deda3ab
  languageName: node
  linkType: hard

"has-ansi@npm:^2.0.0":
  version: 2.0.0
  resolution: "has-ansi@npm:2.0.0"
  dependencies:
    ansi-regex: "npm:^2.0.0"
  checksum: f54e4887b9f8f3c4bfefd649c48825b3c093987c92c27880ee9898539e6f01aed261e82e73153c3f920fde0db5bf6ebd58deb498ed1debabcb4bc40113ccdf05
  languageName: node
  linkType: hard

"has-flag@npm:^3.0.0":
  version: 3.0.0
  resolution: "has-flag@npm:3.0.0"
  checksum: 1c6c83b14b8b1b3c25b0727b8ba3e3b647f99e9e6e13eb7322107261de07a4c1be56fc0d45678fc376e09772a3a1642ccdaf8fc69bdf123b6c086598397ce473
  languageName: node
  linkType: hard

"homebridge-telldus@workspace:.":
  version: 0.0.0-use.local
  resolution: "homebridge-telldus@workspace:."
  dependencies:
    bluebird: "npm:^3.4.6"
    eslint: "npm:^4.18.2"
    telldus-api: "npm:^1.0.3"
  languageName: unknown
  linkType: soft

"iconv-lite@npm:^0.4.17":
  version: 0.4.24
  resolution: "iconv-lite@npm:0.4.24"
  dependencies:
    safer-buffer: "npm:>= 2.1.2 < 3"
  checksum: c6886a24cc00f2a059767440ec1bc00d334a89f250db8e0f7feb4961c8727118457e27c495ba94d082e51d3baca378726cd110aaf7ded8b9bbfd6a44760cf1d4
  languageName: node
  linkType: hard

"ignore@npm:^3.3.3":
  version: 3.3.10
  resolution: "ignore@npm:3.3.10"
  checksum: 973e0ef3b3eaab8fc19014d80014ed11bcf3585de8088d9c7a5b5c4edefc55f4ecdc498144bdd0440b8e2ff22deb03f89c90300bfef2d1750d5920f997d0a600
  languageName: node
  linkType: hard

"imurmurhash@npm:^0.1.4":
  version: 0.1.4
  resolution: "imurmurhash@npm:0.1.4"
  checksum: 8b51313850dd33605c6c9d3fd9638b714f4c4c40250cff658209f30d40da60f78992fb2df5dabee4acf589a6a82bbc79ad5486550754bd9ec4e3fc0d4a57d6a6
  languageName: node
  linkType: hard

"inflight@npm:^1.0.4":
  version: 1.0.6
  resolution: "inflight@npm:1.0.6"
  dependencies:
    once: "npm:^1.3.0"
    wrappy: "npm:1"
  checksum: 7faca22584600a9dc5b9fca2cd5feb7135ac8c935449837b315676b4c90aa4f391ec4f42240178244b5a34e8bede1948627fda392ca3191522fc46b34e985ab2
  languageName: node
  linkType: hard

"inherits@npm:2, inherits@npm:^2.0.3, inherits@npm:~2.0.3":
  version: 2.0.4
  resolution: "inherits@npm:2.0.4"
  checksum: 4e531f648b29039fb7426fb94075e6545faa1eb9fe83c29f0b6d9e7263aceb4289d2d4557db0d428188eeb449cc7c5e77b0a0b2c4e248ff2a65933a0dee49ef2
  languageName: node
  linkType: hard

"inquirer@npm:^3.0.6":
  version: 3.3.0
  resolution: "inquirer@npm:3.3.0"
  dependencies:
    ansi-escapes: "npm:^3.0.0"
    chalk: "npm:^2.0.0"
    cli-cursor: "npm:^2.1.0"
    cli-width: "npm:^2.0.0"
    external-editor: "npm:^2.0.4"
    figures: "npm:^2.0.0"
    lodash: "npm:^4.3.0"
    mute-stream: "npm:0.0.7"
    run-async: "npm:^2.2.0"
    rx-lite: "npm:^4.0.8"
    rx-lite-aggregates: "npm:^4.0.8"
    string-width: "npm:^2.1.0"
    strip-ansi: "npm:^4.0.0"
    through: "npm:^2.3.6"
  checksum: d17475d6446e177227f5707cbd89ae6027cc316791d433c1b64f7be14d54456227186a0b058d580d7bbaf10e7098b0a1a986833cf71a956aa6d4f78878e78d3c
  languageName: node
  linkType: hard

"is-fullwidth-code-point@npm:^2.0.0":
  version: 2.0.0
  resolution: "is-fullwidth-code-point@npm:2.0.0"
  checksum: e58f3e4a601fc0500d8b2677e26e9fe0cd450980e66adb29d85b6addf7969731e38f8e43ed2ec868a09c101a55ac3d8b78902209269f38c5286bc98f5bc1b4d9
  languageName: node
  linkType: hard

"is-promise@npm:^2.1.0":
  version: 2.1.0
  resolution: "is-promise@npm:2.1.0"
  checksum: b82fdf83a19d391dcbb5eb78f2fd415fa57a084f6549e9adb9a3fa08fa39afe659fb607ca3eb4a28113a2d2333d3dbcb6efc0e7f78de8431d2b868c48ec1cb8c
  languageName: node
  linkType: hard

"is-resolvable@npm:^1.0.0":
  version: 1.1.0
  resolution: "is-resolvable@npm:1.1.0"
  checksum: 17d5bf39d9268173adf834c23effb6b4e926d809b528a851d87e6fb944e9606ed2c94dfaf1b1b675f922c2990fbc402d754136d8557c90a931ac7fd2f1e4cf07
  languageName: node
  linkType: hard

"isarray@npm:~1.0.0":
  version: 1.0.0
  resolution: "isarray@npm:1.0.0"
  checksum: 18b5be6669be53425f0b84098732670ed4e727e3af33bc7f948aac01782110eb9a18b3b329c5323bcdd3acdaae547ee077d3951317e7f133bff7105264b3003d
  languageName: node
  linkType: hard

"isexe@npm:^2.0.0":
  version: 2.0.0
  resolution: "isexe@npm:2.0.0"
  checksum: 228cfa503fadc2c31596ab06ed6aa82c9976eec2bfd83397e7eaf06d0ccf42cd1dfd6743bf9aeb01aebd4156d009994c5f76ea898d2832c1fe342da923ca457d
  languageName: node
  linkType: hard

"js-tokens@npm:^3.0.2":
  version: 3.0.2
  resolution: "js-tokens@npm:3.0.2"
  checksum: e3c3ee4d12643d90197628eb022a2884a15f08ea7dcac1ce97fdeee43031fbfc7ede674f2cdbbb582dcd4c94388b22e52d56c6cbeb2ac7d1b57c2f33c405e2ba
  languageName: node
  linkType: hard

"js-yaml@npm:^3.9.1":
  version: 3.14.2
  resolution: "js-yaml@npm:3.14.2"
  dependencies:
    argparse: "npm:^1.0.7"
    esprima: "npm:^4.0.0"
  bin:
    js-yaml: bin/js-yaml.js
  checksum: 3261f25912f5dd76605e5993d0a126c2b6c346311885d3c483706cd722efe34f697ea0331f654ce27c00a42b426e524518ec89d65ed02ea47df8ad26dcc8ce69
  languageName: node
  linkType: hard

"json-schema-traverse@npm:^0.3.0":
  version: 0.3.1
  resolution: "json-schema-traverse@npm:0.3.1"
  checksum: 462316de759d3dd9278959de17861e8d214c3722e1f0bf3c510daac990009bc2b0e11e89f9b299d765cd52569db74c8fa1a371a2b08c514a07998fb2f10eb57e
  languageName: node
  linkType: hard

"json-stable-stringify-without-jsonify@npm:^1.0.1":
  version: 1.0.1
  resolution: "json-stable-stringify-without-jsonify@npm:1.0.1"
  checksum: cb168b61fd4de83e58d09aaa6425ef71001bae30d260e2c57e7d09a5fd82223e2f22a042dedaab8db23b7d9ae46854b08bb1f91675a8be11c5cffebef5fb66a5
  languageName: node
  linkType: hard

"levn@npm:^0.3.0, levn@npm:~0.3.0":
  version: 0.3.0
  resolution: "levn@npm:0.3.0"
  dependencies:
    prelude-ls: "npm:~1.1.2"
    type-check: "npm:~0.3.2"
  checksum: e440df9de4233da0b389cd55bd61f0f6aaff766400bebbccd1231b81801f6dbc1d816c676ebe8d70566394b749fa624b1ed1c68070e9c94999f0bdecc64cb676
  languageName: node
  linkType: hard

"lodash@npm:^4.17.4, lodash@npm:^4.3.0":
  version: 4.17.21
  resolution: "lodash@npm:4.17.21"
  checksum: d8cbea072bb08655bb4c989da418994b073a608dffa608b09ac04b43a791b12aeae7cd7ad919aa4c925f33b48490b5cfe6c1f71d827956071dae2e7bb3a6b74c
  languageName: node
  linkType: hard

"lru-cache@npm:^4.0.1":
  version: 4.1.5
  resolution: "lru-cache@npm:4.1.5"
  dependencies:
    pseudomap: "npm:^1.0.2"
    yallist: "npm:^2.1.2"
  checksum: 1ca5306814e5add9ec63556d6fd9b24a4ecdeaef8e9cea52cbf30301e6b88c8d8ddc7cab45b59b56eb763e6c45af911585dc89925a074ab65e1502e3fe8103cf
  languageName: node
  linkType: hard

"mimic-fn@npm:^1.0.0":
  version: 1.2.0
  resolution: "mimic-fn@npm:1.2.0"
  checksum: ad55214aec6094c0af4c0beec1a13787556f8116ed88807cf3f05828500f21f93a9482326bcd5a077ae91e3e8795b4e76b5b4c8bb12237ff0e4043a365516cba
  languageName: node
  linkType: hard

"minimatch@npm:^3.0.2, minimatch@npm:^3.0.4":
  version: 3.1.2
  resolution: "minimatch@npm:3.1.2"
  dependencies:
    brace-expansion: "npm:^1.1.7"
  checksum: 0262810a8fc2e72cca45d6fd86bd349eee435eb95ac6aa45c9ea2180e7ee875ef44c32b55b5973ceabe95ea12682f6e3725cbb63d7a2d1da3ae1163c8b210311
  languageName: node
  linkType: hard

"minimist@npm:0.0.8":
  version: 0.0.8
  resolution: "minimist@npm:0.0.8"
  checksum: d0a998c3042922dbcd5f23566b52811d6977649ad089fd75dd89e8a9bff27634194900818b2dfb1b873f204edb902d0c8cdea9cb8dca8488b301f69bd522d5dc
  languageName: node
  linkType: hard

"mkdirp@npm:^0.5.1":
  version: 0.5.1
  resolution: "mkdirp@npm:0.5.1"
  dependencies:
    minimist: "npm:0.0.8"
  bin:
    mkdirp: bin/cmd.js
  checksum: e5ff572d761240a06dbfc69e1ea303d5482815a1f66033b999bd9d78583fcdc9ef63e99e61d396bbd57eca45b388af80a7f7f35f63510619c991c9d44c75341c
  languageName: node
  linkType: hard

"ms@npm:^2.1.1":
  version: 2.1.2
  resolution: "ms@npm:2.1.2"
  checksum: a437714e2f90dbf881b5191d35a6db792efbca5badf112f87b9e1c712aace4b4b9b742dd6537f3edf90fd6f684de897cec230abde57e87883766712ddda297cc
  languageName: node
  linkType: hard

"mute-stream@npm:0.0.7":
  version: 0.0.7
  resolution: "mute-stream@npm:0.0.7"
  checksum: c687cfe99289166fe17dcbd0cf49612c5d267410a7819b654a82df45016967d7b2b0b18b35410edef86de6bb089a00413557dc0182c5e78a4af50ba5d61edb42
  languageName: node
  linkType: hard

"natural-compare@npm:^1.4.0":
  version: 1.4.0
  resolution: "natural-compare@npm:1.4.0"
  checksum: f5f9a7974bfb28a91afafa254b197f0f22c684d4a1731763dda960d2c8e375b36c7d690e0d9dc8fba774c537af14a7e979129bca23d88d052fbeb9466955e447
  languageName: node
  linkType: hard

"node-fetch@npm:^2.6.0":
  version: 2.6.7
  resolution: "node-fetch@npm:2.6.7"
  dependencies:
    whatwg-url: "npm:^5.0.0"
  peerDependencies:
    encoding: ^0.1.0
  peerDependenciesMeta:
    encoding:
      optional: true
  checksum: fcae80f5ac52fbf5012f5e19df2bd3915e67d3b3ad51cb5942943df2238d32ba15890fecabd0e166876a9f98a581ab50f3f10eb942b09405c49ef8da36b826c7
  languageName: node
  linkType: hard

"oauth-1.0a@npm:^2.2.2":
  version: 2.2.6
  resolution: "oauth-1.0a@npm:2.2.6"
  checksum: c540db3717cfe7e73509a29fc9163469af0cf1d7133b49989f0a47e23944efe8ca4ad375ff44bb118b26417f612b83b824e7c662ccd210eeb97169d4a846cf0b
  languageName: node
  linkType: hard

"object-assign@npm:^4.0.1":
  version: 4.1.1
  resolution: "object-assign@npm:4.1.1"
  checksum: 1f4df9945120325d041ccf7b86f31e8bcc14e73d29171e37a7903050e96b81323784ec59f93f102ec635bcf6fa8034ba3ea0a8c7e69fa202b87ae3b6cec5a414
  languageName: node
  linkType: hard

"once@npm:^1.3.0":
  version: 1.4.0
  resolution: "once@npm:1.4.0"
  dependencies:
    wrappy: "npm:1"
  checksum: 5d48aca287dfefabd756621c5dfce5c91a549a93e9fdb7b8246bc4c4790aa2ec17b34a260530474635147aeb631a2dcc8b32c613df0675f96041cbb8244517d0
  languageName: node
  linkType: hard

"onetime@npm:^2.0.0":
  version: 2.0.1
  resolution: "onetime@npm:2.0.1"
  dependencies:
    mimic-fn: "npm:^1.0.0"
  checksum: b4e44a8c34e70e02251bfb578a6e26d6de6eedbed106cd78211d2fd64d28b6281d54924696554e4e966559644243753ac5df73c87f283b0927533d3315696215
  languageName: node
  linkType: hard

"optionator@npm:^0.8.2":
  version: 0.8.2
  resolution: "optionator@npm:0.8.2"
  dependencies:
    deep-is: "npm:~0.1.3"
    fast-levenshtein: "npm:~2.0.4"
    levn: "npm:~0.3.0"
    prelude-ls: "npm:~1.1.2"
    type-check: "npm:~0.3.2"
    wordwrap: "npm:~1.0.0"
  checksum: b2da93c3014cbbe6233207d20e44277dde2ae0de3d59082a0e90ffbb4f866b482137d452c60a3592ca764f1d66cbfbb5d9f71f749cb38f03e09894e99b807fb8
  languageName: node
  linkType: hard

"os-tmpdir@npm:~1.0.2":
  version: 1.0.2
  resolution: "os-tmpdir@npm:1.0.2"
  checksum: f438450224f8e2687605a8dd318f0db694b6293c5d835ae509a69e97c8de38b6994645337e5577f5001115470414638978cc49da1cdcc25106dad8738dc69990
  languageName: node
  linkType: hard

"path-is-absolute@npm:^1.0.0":
  version: 1.0.1
  resolution: "path-is-absolute@npm:1.0.1"
  checksum: 127da03c82172a2a50099cddbf02510c1791fc2cc5f7713ddb613a56838db1e8168b121a920079d052e0936c23005562059756d653b7c544c53185efe53be078
  languageName: node
  linkType: hard

"path-is-inside@npm:^1.0.2":
  version: 1.0.2
  resolution: "path-is-inside@npm:1.0.2"
  checksum: 7fdd4b41672c70461cce734fc222b33e7b447fa489c7c4377c95e7e6852d83d69741f307d88ec0cc3b385b41cb4accc6efac3c7c511cd18512e95424f5fa980c
  languageName: node
  linkType: hard

"pluralize@npm:^7.0.0":
  version: 7.0.0
  resolution: "pluralize@npm:7.0.0"
  checksum: b44fd8e4bc487534b804bb8490bc9982bd229997af6e9cc0f51c8205e11c1f31013e8eba3f9b0864fa9f3c0534e06935db46f71f612d1a9633253a14add948e6
  languageName: node
  linkType: hard

"prelude-ls@npm:~1.1.2":
  version: 1.1.2
  resolution: "prelude-ls@npm:1.1.2"
  checksum: 7284270064f74e0bb7f04eb9bff7be677e4146417e599ccc9c1200f0f640f8b11e592d94eb1b18f7aa9518031913bb42bea9c86af07ba69902864e61005d6f18
  languageName: node
  linkType: hard

"process-nextick-args@npm:~2.0.0":
  version: 2.0.1
  resolution: "process-nextick-args@npm:2.0.1"
  checksum: bec089239487833d46b59d80327a1605e1c5287eaad770a291add7f45fda1bb5e28b38e0e061add0a1d0ee0984788ce74fa394d345eed1c420cacf392c554367
  languageName: node
  linkType: hard

"progress@npm:^2.0.0":
  version: 2.0.3
  resolution: "progress@npm:2.0.3"
  checksum: 1697e07cb1068055dbe9fe858d242368ff5d2073639e652b75a7eb1f2a1a8d4afd404d719de23c7b48481a6aa0040686310e2dac2f53d776daa2176d3f96369c
  languageName: node
  linkType: hard

"pseudomap@npm:^1.0.2":
  version: 1.0.2
  resolution: "pseudomap@npm:1.0.2"
  checksum: 5a91ce114c64ed3a6a553aa7d2943868811377388bb31447f9d8028271bae9b05b340fe0b6961a64e45b9c72946aeb0a4ab635e8f7cb3715ffd0ff2beeb6a679
  languageName: node
  linkType: hard

"readable-stream@npm:^2.2.2":
  version: 2.3.6
  resolution: "readable-stream@npm:2.3.6"
  dependencies:
    core-util-is: "npm:~1.0.0"
    inherits: "npm:~2.0.3"
    isarray: "npm:~1.0.0"
    process-nextick-args: "npm:~2.0.0"
    safe-buffer: "npm:~5.1.1"
    string_decoder: "npm:~1.1.1"
    util-deprecate: "npm:~1.0.1"
  checksum: 0765bb018211c880e3aaa600bf624dcb08bfd58f827137f6afb713bb128c1b2f8a5a47d88532950e324924e0b98acf48050319ea9dc42540e269f85f87c830b3
  languageName: node
  linkType: hard

"require-uncached@npm:^1.0.3":
  version: 1.0.3
  resolution: "require-uncached@npm:1.0.3"
  dependencies:
    caller-path: "npm:^0.1.0"
    resolve-from: "npm:^1.0.0"
  checksum: 74def8a3e47bde90f0288fbcd46fdd9874810758a9bec5822f16fe8664b290bdab572fa2724eedcbcd725dad0c1b6cfdba2b2efd42f88f91da1214c4839e6466
  languageName: node
  linkType: hard

"resolve-from@npm:^1.0.0":
  version: 1.0.1
  resolution: "resolve-from@npm:1.0.1"
  checksum: 593ed3612f1421471ef9c00e54f4d56d7cf965f8135a7e92b5c5715602ef640fe48d75258aca91e6cae361dd1e512e7c2cdf4cc65df85e7f6506c12992ffc46f
  languageName: node
  linkType: hard

"restore-cursor@npm:^2.0.0":
  version: 2.0.0
  resolution: "restore-cursor@npm:2.0.0"
  dependencies:
    onetime: "npm:^2.0.0"
    signal-exit: "npm:^3.0.2"
  checksum: f5b335bee06f440445e976a7031a3ef53691f9b7c4a9d42a469a0edaf8a5508158a0d561ff2b26a1f4f38783bcca2c0e5c3a44f927326f6694d5b44d7a4993e6
  languageName: node
  linkType: hard

"rimraf@npm:~2.6.2":
  version: 2.6.3
  resolution: "rimraf@npm:2.6.3"
  dependencies:
    glob: "npm:^7.1.3"
  bin:
    rimraf: ./bin.js
  checksum: f1e646f8c567795f2916aef7aadf685b543da6b9a53e482bb04b07472c7eef2b476045ba1e29f401c301c66b630b22b815ab31fdd60c5e1ae6566ff523debf45
  languageName: node
  linkType: hard

"run-async@npm:^2.2.0":
  version: 2.3.0
  resolution: "run-async@npm:2.3.0"
  dependencies:
    is-promise: "npm:^2.1.0"
  checksum: a2e8f9fe74db5bc2b002044605652d512e196c1f4ec50513d30e9b69ff6e3e0354c9e9c615d17526366cda0aa0decb5d51eac61c047ed8a653de203e09c09114
  languageName: node
  linkType: hard

"rx-lite-aggregates@npm:^4.0.8":
  version: 4.0.8
  resolution: "rx-lite-aggregates@npm:4.0.8"
  dependencies:
    rx-lite: "npm:*"
  checksum: e21f95feca7e63b861fd711a980924cbaa9cb8ebc4786c7cbc287e153d5e96fbd48c0a8a978e53594174d4a68d5d2263b823a2b975c80a955f5748eb59cdec60
  languageName: node
  linkType: hard

"rx-lite@npm:*, rx-lite@npm:^4.0.8":
  version: 4.0.8
  resolution: "rx-lite@npm:4.0.8"
  checksum: a3e76e3a6471347855196e30450bc500f7b1becfdbb0f3d58b1f1d5d6f89165a159e8549b4403084023de99938d67f43a3319c92b1b46c3fd8d7318ecce42c79
  languageName: node
  linkType: hard

"safe-buffer@npm:~5.1.0, safe-buffer@npm:~5.1.1":
  version: 5.1.2
  resolution: "safe-buffer@npm:5.1.2"
  checksum: 780ba6b5d99cc9a40f7b951d47152297d0e260f0df01472a1b99d4889679a4b94a13d644f7dbc4f022572f09ae9005fa2fbb93bbbd83643316f365a3e9a45b21
  languageName: node
  linkType: hard

"safer-buffer@npm:>= 2.1.2 < 3":
  version: 2.1.2
  resolution: "safer-buffer@npm:2.1.2"
  checksum: 7e3c8b2e88a1841c9671094bbaeebd94448111dd90a81a1f606f3f67708a6ec57763b3b47f06da09fc6054193e0e6709e77325415dc8422b04497a8070fa02d4
  languageName: node
  linkType: hard

"semver@npm:^5.3.0":
  version: 5.7.2
  resolution: "semver@npm:5.7.2"
  bin:
    semver: bin/semver
  checksum: e4cf10f86f168db772ae95d86ba65b3fd6c5967c94d97c708ccb463b778c2ee53b914cd7167620950fc07faf5a564e6efe903836639e512a1aa15fbc9667fa25
  languageName: node
  linkType: hard

"shebang-command@npm:^1.2.0":
  version: 1.2.0
  resolution: "shebang-command@npm:1.2.0"
  dependencies:
    shebang-regex: "npm:^1.0.0"
  checksum: 7b20dbf04112c456b7fc258622dafd566553184ac9b6938dd30b943b065b21dabd3776460df534cc02480db5e1b6aec44700d985153a3da46e7db7f9bd21326d
  languageName: node
  linkType: hard

"shebang-regex@npm:^1.0.0":
  version: 1.0.0
  resolution: "shebang-regex@npm:1.0.0"
  checksum: 9abc45dee35f554ae9453098a13fdc2f1730e525a5eb33c51f096cc31f6f10a4b38074c1ebf354ae7bffa7229506083844008dfc3bb7818228568c0b2dc1fff2
  languageName: node
  linkType: hard

"signal-exit@npm:^3.0.2":
  version: 3.0.2
  resolution: "signal-exit@npm:3.0.2"
  checksum: 74ce7a3128388320ee098a773ee10db107b3e103ce0f6ef0a07815f23f5df552d6f1ba78c5d07d225467f68e008355579347c31fdd5d7bc913298b7635c70331
  languageName: node
  linkType: hard

"slice-ansi@npm:1.0.0":
  version: 1.0.0
  resolution: "slice-ansi@npm:1.0.0"
  dependencies:
    is-fullwidth-code-point: "npm:^2.0.0"
  checksum: 589d9b80b33b8274f88942d4da7c3698cebb8bba0d367c79a42f95a4f69eb7645fdf51821ffbd6d0af6aea6dda70f725925b6cf5e670a53b7ae2c31e7fd10a2e
  languageName: node
  linkType: hard

"sprintf-js@npm:~1.0.2":
  version: 1.0.3
  resolution: "sprintf-js@npm:1.0.3"
  checksum: ecadcfe4c771890140da5023d43e190b7566d9cf8b2d238600f31bec0fc653f328da4450eb04bd59a431771a8e9cc0e118f0aa3974b683a4981b4e07abc2a5bb
  languageName: node
  linkType: hard

"string-width@npm:^2.1.0, string-width@npm:^2.1.1":
  version: 2.1.1
  resolution: "string-width@npm:2.1.1"
  dependencies:
    is-fullwidth-code-point: "npm:^2.0.0"
    strip-ansi: "npm:^4.0.0"
  checksum: e5f2b169fcf8a4257a399f95d069522f056e92ec97dbdcb9b0cdf14d688b7ca0b1b1439a1c7b9773cd79446cbafd582727279d6bfdd9f8edd306ea5e90e5b610
  languageName: node
  linkType: hard

"string_decoder@npm:~1.1.1":
  version: 1.1.1
  resolution: "string_decoder@npm:1.1.1"
  dependencies:
    safe-buffer: "npm:~5.1.0"
  checksum: b4f89f3a92fd101b5653ca3c99550e07bdf9e13b35037e9e2a1c7b47cec4e55e06ff3fc468e314a0b5e80bfbaf65c1ca5a84978764884ae9413bec1fc6ca924e
  languageName: node
  linkType: hard

"strip-ansi@npm:^3.0.0":
  version: 3.0.1
  resolution: "strip-ansi@npm:3.0.1"
  dependencies:
    ansi-regex: "npm:^2.0.0"
  checksum: f6e7fbe8e700105dccf7102eae20e4f03477537c74b286fd22cfc970f139002ed6f0d9c10d0e21aa9ed9245e0fa3c9275930e8795c5b947da136e4ecb644a70f
  languageName: node
  linkType: hard

"strip-ansi@npm:^4.0.0":
  version: 4.0.0
  resolution: "strip-ansi@npm:4.0.0"
  dependencies:
    ansi-regex: "npm:^3.0.0"
  checksum: d75d9681e0637ea316ddbd7d4d3be010b1895a17e885155e0ed6a39755ae0fd7ef46e14b22162e66a62db122d3a98ab7917794e255532ab461bb0a04feb03e7d
  languageName: node
  linkType: hard

"strip-json-comments@npm:~2.0.1":
  version: 2.0.1
  resolution: "strip-json-comments@npm:2.0.1"
  checksum: b509231cbdee45064ff4f9fd73609e2bcc4e84a4d508e9dd0f31f70356473fde18abfb5838c17d56fb236f5a06b102ef115438de0600b749e818a35fbbc48c43
  languageName: node
  linkType: hard

"supports-color@npm:^2.0.0":
  version: 2.0.0
  resolution: "supports-color@npm:2.0.0"
  checksum: 570e0b63be36cccdd25186350a6cb2eaad332a95ff162fa06d9499982315f2fe4217e69dd98e862fbcd9c81eaff300a825a1fe7bf5cc752e5b84dfed042b0dda
  languageName: node
  linkType: hard

"supports-color@npm:^5.3.0":
  version: 5.5.0
  resolution: "supports-color@npm:5.5.0"
  dependencies:
    has-flag: "npm:^3.0.0"
  checksum: 6ae5ff319bfbb021f8a86da8ea1f8db52fac8bd4d499492e30ec17095b58af11f0c55f8577390a749b1c4dde691b6a0315dab78f5f54c9b3d83f8fb5905c1c05
  languageName: node
  linkType: hard

"table@npm:4.0.2":
  version: 4.0.2
  resolution: "table@npm:4.0.2"
  dependencies:
    ajv: "npm:^5.2.3"
    ajv-keywords: "npm:^2.1.0"
    chalk: "npm:^2.1.0"
    lodash: "npm:^4.17.4"
    slice-ansi: "npm:1.0.0"
    string-width: "npm:^2.1.1"
  checksum: e9cbe50aa3648bb411ed73abd89ddc884e6e4b10460ca61fc5c146e997818c48bdc5e04a2f51eb596696a3bb2b39d5dd94a93b879ca6d07f37b42fbcc0870745
  languageName: node
  linkType: hard

"telldus-api@npm:^1.0.3":
  version: 1.0.3
  resolution: "telldus-api@npm:1.0.3"
  dependencies:
    debug: "npm:^3.1.0"
    node-fetch: "npm:^2.6.0"
    oauth-1.0a: "npm:^2.2.2"
  checksum: 85fd07bc7b7024afb04481800c9ca785188e26413a85150af37445ff15d71fba42a92ddae8f8a260743ec36b316c4a129e523008fefa2dfcfbc3333924ae9e14
  languageName: node
  linkType: hard

"text-table@npm:~0.2.0":
  version: 0.2.0
  resolution: "text-table@npm:0.2.0"
  checksum: 02805740c12851ea5982686810702e2f14369a5f4c5c40a836821e3eefc65ffeec3131ba324692a37608294b0fd8c1e55a2dd571ffed4909822787668ddbee5c
  languageName: node
  linkType: hard

"through@npm:^2.3.6":
  version: 2.3.8
  resolution: "through@npm:2.3.8"
  checksum: 4b09f3774099de0d4df26d95c5821a62faee32c7e96fb1f4ebd54a2d7c11c57fe88b0a0d49cf375de5fee5ae6bf4eb56dbbf29d07366864e2ee805349970d3cc
  languageName: node
  linkType: hard

"tmp@npm:^0.0.33":
  version: 0.0.33
  resolution: "tmp@npm:0.0.33"
  dependencies:
    os-tmpdir: "npm:~1.0.2"
  checksum: 69863947b8c29cabad43fe0ce65cec5bb4b481d15d4b4b21e036b060b3edbf3bc7a5541de1bacb437bb3f7c4538f669752627fdf9b4aaf034cebd172ba373408
  languageName: node
  linkType: hard

"tr46@npm:~0.0.3":
  version: 0.0.3
  resolution: "tr46@npm:0.0.3"
  checksum: 047cb209a6b60c742f05c9d3ace8fa510bff609995c129a37ace03476a9b12db4dbf975e74600830ef0796e18882b2381fb5fb1f6b4f96b832c374de3ab91a11
  languageName: node
  linkType: hard

"type-check@npm:~0.3.2":
  version: 0.3.2
  resolution: "type-check@npm:0.3.2"
  dependencies:
    prelude-ls: "npm:~1.1.2"
  checksum: 776217116b2b4e50e368c7ee0c22c0a85e982881c16965b90d52f216bc296d6a52ef74f9202d22158caacc092a7645b0b8d5fe529a96e3fe35d0fb393966c875
  languageName: node
  linkType: hard

"typedarray@npm:^0.0.6":
  version: 0.0.6
  resolution: "typedarray@npm:0.0.6"
  checksum: 6005cb31df50eef8b1f3c780eb71a17925f3038a100d82f9406ac2ad1de5eb59f8e6decbdc145b3a1f8e5836e17b0c0002fb698b9fe2516b8f9f9ff602d36412
  languageName: node
  linkType: hard

"util-deprecate@npm:~1.0.1":
  version: 1.0.2
  resolution: "util-deprecate@npm:1.0.2"
  checksum: 41a5bdd214df2f6c3ecf8622745e4a366c4adced864bc3c833739791aeeeb1838119af7daed4ba36428114b5c67dcda034a79c882e97e43c03e66a4dd7389942
  languageName: node
  linkType: hard

"webidl-conversions@npm:^3.0.0":
  version: 3.0.1
  resolution: "webidl-conversions@npm:3.0.1"
  checksum: 5612d5f3e54760a797052eb4927f0ddc01383550f542ccd33d5238cfd65aeed392a45ad38364970d0a0f4fea32e1f4d231b3d8dac4a3bdd385e5cf802ae097db
  languageName: node
  linkType: hard

"whatwg-url@npm:^5.0.0":
  version: 5.0.0
  resolution: "whatwg-url@npm:5.0.0"
  dependencies:
    tr46: "npm:~0.0.3"
    webidl-conversions: "npm:^3.0.0"
  checksum: 1588bed84d10b72d5eec1d0faa0722ba1962f1821e7539c535558fb5398d223b0c50d8acab950b8c488b4ba69043fd833cc2697056b167d8ad46fac3995a55d5
  languageName: node
  linkType: hard

"which@npm:^1.2.9":
  version: 1.3.1
  resolution: "which@npm:1.3.1"
  dependencies:
    isexe: "npm:^2.0.0"
  bin:
    which: ./bin/which
  checksum: e945a8b6bbf6821aaaef7f6e0c309d4b615ef35699576d5489b4261da9539f70393c6b2ce700ee4321c18f914ebe5644bc4631b15466ffbaad37d83151f6af59
  languageName: node
  linkType: hard

"wordwrap@npm:~1.0.0":
  version: 1.0.0
  resolution: "wordwrap@npm:1.0.0"
  checksum: 7ed2e44f3c33c5c3e3771134d2b0aee4314c9e49c749e37f464bf69f2bcdf0cbf9419ca638098e2717cff4875c47f56a007532f6111c3319f557a2ca91278e92
  languageName: node
  linkType: hard

"wrappy@npm:1":
  version: 1.0.2
  resolution: "wrappy@npm:1.0.2"
  checksum: 56fece1a4018c6a6c8e28fbc88c87e0fbf4ea8fd64fc6c63b18f4acc4bd13e0ad2515189786dd2c30d3eec9663d70f4ecf699330002f8ccb547e4a18231fc9f0
  languageName: node
  linkType: hard

"write@npm:^0.2.1":
  version: 0.2.1
  resolution: "write@npm:0.2.1"
  dependencies:
    mkdirp: "npm:^0.5.1"
  checksum: 9559b4ca2e6641a903dce10789c7491669e320fab5d503676b86d9829cdfe4f42a1d3d0a0dc23fb2120853bd2a96e069db30315da433f366ae5de9e477ab3b0a
  languageName: node
  linkType: hard

"yallist@npm:^2.1.2":
  version: 2.1.2
  resolution: "yallist@npm:2.1.2"
  checksum: 0b9e25aa00adf19e01d2bcd4b208aee2b0db643d9927131797b7af5ff69480fc80f1c3db738cbf3946f0bddf39d8f2d0a5709c644fd42d4aa3a4e6e786c087b5
  languageName: node
  linkType: hard
